YªçŠx-®éÜj×¢ëiºÚ+Š§j[h‘éÜ¢éí×möÕ:-jZ.¶›­–)Þ³W°¢&æÖR#¢&6†&vWvVfR×vV'6—FR"À¢'fW'6–öâ#¢#ãã"À¢&Æö6¶f–ÆUfW'6–öâ#¢2À¢'&WV—&W2#¢G'VRÀ¢'6¶vW2#¢°¢"#¢°¢&æÖR#¢&6†&vWvVfR×vV'6—FR"À¢'fW'6–öâ#¢#ãã"À¢&FWVæFVæ6–W2#¢°¢$föçG6÷W&6R×f&–&ÆRöÖç&÷R#¢%ãRã"ã‚"À¢&Fö×W&–g’#¢%ã2ãBãb"À¢&ÇV6–FR×&V7B#¢%ããSsrã"À¢&Ö&¶VB#¢%ã‚ããB"À¢'&V7B#¢#’ã2ã"À¢'&V7BÖFöÒ#¢#’ã2ã"À¢'F‡&VR#¢%ããƒbã"À¢'‡7FFR#¢%ãRã32ã" ¢ÒÀ¢&FWdFWVæFVæ6–W2#¢°¢$Æ—w&–v‡B÷FW7B#¢%ããS‚ã""À¢$f—FV§2÷ÇVv–â×&V7B#¢#bãã"À¢&ã2#¢%ã"ãrã""À¢'f—FR#¢#‚ã2ã ¢Ð¢ÒÀ¢&æöFUöÖöGVÆW2ôföçG6÷W&6R×f&–&ÆRöÖç&÷R#¢°¢'fW'6–öâ#¢#Rã2ã"À¢'&W6öÇfVB#¢&‡GG3¢ò÷&Vv—7G'’æçÖ§2æ÷&rôföçG6÷W&6R×f&–&ÆRöÖç&÷RòÒöÖç&÷RÓRã2ãçFw¢"À¢&–çFVw&—G’#¢'6†S"ÓdCVFvö´‡5tDD×FÕ„‡¦ä¶„³##”äâ³D$ÅÕT4Ç4ósTTV…u“U$gC5†åe$Æ¤dee'DÆ´¦U£dÅ75cfsÓÒ"À¢&Æ–6Vç6R#¢$ôdÂÓã"À¢&gVæF–ær#¢°¢'W&Â#¢&‡GG3¢òöv—F‡V"æ6öÒ÷7öç6÷'2ö—V†—Fò ¢Ð¢ÒÀ¢&æöFUöÖöGVÆW2ô÷†2×&ö¦V7B÷G—W2#¢°¢'fW'6–öâ#¢#ãSã"À¢'&W6öÇfVB#¢&‡GG3¢ò÷&Vv—7G'’æçÖ§2æ÷&rô÷†2×&ö¦V7B÷G—W2òÒ÷G—W2ÓãSãçFw¢"À¢&–çFVw&—G’#¢'6†S"Ô£•‡$–ÄäE¥g¤S6F3†Tsväƒ‡”4”ÅUT—6¤¶DeÖfãV%3õr¶4Òµ4t÷EevCVæ…7'u¥w‚÷'VR·#U¢µÓÒ"À¢&FWb#¢G'VRÀ¢&Æ–6Vç6R#¢$Ô•B"À¢&gVæF–ær#¢°¢'W&Â#¢&‡GG3¢òöv—F‡V"æ6öÒ÷7öç6÷'2ö÷†2×&ö¦V7B ¢Ð¢ÒÀ¢&æöFUöÖöGVÆW2ôÆ—w&–v‡B÷FW7B#¢°¢'fW'6–öâ#¢#ãc2ã"À¢'&W6öÇfVB#¢&‡GG3¢ò÷&Vv—7G'’æçÖ§2æ÷&rôÆ—w&–v‡B÷FW7BòÒ÷FW7BÓãc2ãçFw¢"À¢&–çFVw&—G’#¢'6†S"Ö÷„Ô³GfÆÄ#•$³Tå&Ã–döc$fäWV¢÷e”tF£ƒ&ä×F×E§·D7wBöÃtTóg†¤vg$äf¦÷ge–D6ÓSE%·ÓÒ"À¢&FWb#¢G'VRÀ¢&Æ–6Vç6R#¢$6†RÓ"ã"À¢&FWVæFVæ6–W2#¢°¢'Æ—w&–v‡B#¢#ãc2ã ¢ÒÀ¢&&–â#¢°¢'Æ—w&–v‡B#¢&6Æ’æ§2 ¢ÒÀ¢&Væv–æW2#¢°¢&æöFR#¢#ãÓ# ¢Ð¢ÒÀ¢&æöFUöÖöGVÆW2ô&öÆÆF÷vâö&–æF–ærÖæG&ö–BÖ&ÒÖV&’#¢°¢'fW'6–öâ#¢#ã"ã"À¢'&W6öÇfVB#¢&‡GG3¢ò÷&Vv—7G'’æçÖ§2æ÷&rô&öÆÆF÷vâö&–æF–ærÖæG&ö–BÖ&ÒÖV&’òÒö&–æF–ærÖæG&ö–BÖ&ÒÖV&’Óã"ãçFw¢"À¢&–çFVw&—G’#¢'6†S"ÔVµ†dt·dµuu¤SGE&g7eB·E“VCs†tuW§–¤w–DÒ¶d$Ó”×Uƒ“%…•†S†'4Efw—‡„ç¤†ófv”6£“'4dçsÓÒ"À¢&7R#¢°¢&&Ò ¢ÒÀ¢&FWb#¢G'VRÀ¢&Æ–6Vç6R#¢$Ô•B"À¢&÷F–öæÂ#¢G'VRÀ¢&÷2#¢°¢&æG&ö–B ¢ÒÀ¢&Væv–æW2#¢°¢&æöFR#¢%ã#ã’ãÇÂãÓ#"ã"ã ¢Ð¢ÒÀ¢&æöFUöÖöGVÆW2ô&öÆÆF÷vâö&–æF–ærÖæG&ö–BÖ&ÓcB#¢°¢'fW'6–öâ#¢#ã"ã"À¢'&W6öÇfVB#¢&‡GG3¢ò÷&Vv—7G'’æçÖ§2æ÷&rô&öÆÆF÷vâö&–æF–ærÖæG&ö–BÖ&ÓcBòÒö&–æF–ærÖæG&ö–BÖ&ÓcBÓã"ãçFw¢"À¢&–çFVw&—G’#¢'6†S"×£f5G–7¢¶”£Ef·TÃD„…sDFeFföURó&ç•—U4÷%FÔƒw”„³U“Ä4öä5cE¤ç†g•fSô÷Vt–s&¶Äâ÷2µU4tôÓÒ"À¢&7R#¢°¢&&ÓcB ¢ÒÀ¢&FWb#¢G'VRÀ¢&Æ–6Vç6R#¢$Ô•B"À¢&÷F–öæÂ#¢G'VRÀ¢&÷2#¢°¢&æG&ö–B ¢ÒÀ¢&Væv–æW2#¢°¢&æöFR#¢%ã#ã’ãÇÂãÓ#"ã"ã ¢Ð¢ÒÀ¢&æöFUöÖöGVÆW2ô&öÆÆF÷vâö&–æF–ærÖF'v–âÖ&ÓcB#¢°¢'fW'6–öâ#¢#ã"ã"À¢'&W6öÇfVB#¢&‡GG3¢ò÷&Vv—7G'’æçÖ§2æ÷&rô&öÆÆF÷vâö&–æF–ærÖF'v–âÖ&ÓcBòÒö&–æF–ærÖF'v–âÖ&ÓcBÓã"ãçFw¢"À¢&–çFVw&—G’#¢'6†S"Ö¥6‡gçEgdD3bôT¤ô¦%eb´F¶t‡†Âõ65d4¤V'BµEU“e—£u–å†7&s74ÇDd&æ—&óbôÆCS§t5tfctµ”CåÓÒ"À¢&7R#¢°¢&&ÓcB ¢ÒÀ¢&FWb#¢G'VRÀ¢&Æ–6Vç6R#¢$Ô•B"À¢&÷F–öæÂ#¢G'VRÀ¢&÷2#¢°¢&F'v–â ¢ÒÀ¢&Væv–æW2#¢°¢&æöFR#¢%ã#ã’ãÇÂãÓ#"ã"ã ¢Ð¢ÒÀ¢&æöFUöÖöGVÆW2ô&öÆÆF÷vâö&–æF–ærÖF'v–â×ƒcB#¢°¢'fW'6–öâ#¢#ã"ã"À¢'&W6öÇfVB#¢&‡GG3¢ò÷&Vv—7G'’æçÖ§2æ÷&rô&öÆÆF÷vâö&–æF–ærÖF'v–â×ƒcBòÒö&–æF–ærÖF'v–â×ƒcBÓã"ãçFw¢"À¢&–çFVw&—G’#¢'6†S"Öc&“'†”åw£Ã"²·&gV…¥&DÄC6„Cge$æÓ$‡Vô&6Gä#433'B´²µ$Wƒ$cTcFuf‡¶·„5’÷„c—sÓÒ"À¢&7R#¢°¢'ƒcB ¢ÒÀ¢&FWb#¢G'VRÀ¢&Æ–6Vç6R#¢$Ô•B"À¢&÷F–öæÂ#¢G'VRÀ¢&÷2#¢°¢&F'v–â ¢ÒÀ¢&Væv–æW2#¢°¢&æöFR#¢%ã#ã’ãÇÂãÓ#"ã"ã ¢Ð¢ÒÀ¢&æöFUöÖöGVÆW2ô&öÆÆF÷vâö&–æF–ærÖg&VV'6B×ƒcB#¢°¢'fW'6–öâ#¢#ã"ã"À¢'&W6öÇfVB#¢&‡GG3¢ò÷&Vv—7G'’æçÖ§2æ÷&rô&öÆÆF÷vâö&–æF–ærÖg&VV'6B×ƒcBòÒö&–æF–ærÖg&VV'6B×ƒcBÓã"ãçFw¢"À¢&–çFVw&—G’#¢'6†S"ÓD—#Te4ô´”×#G#´W‡C36$Öw¤¥S7$CT”ô‡EÇ3ôæW5”$·%tÖÆ6·%”ƒD´6dtÆf¶fãDãFÕ¥Õg6E†÷sÓÒ"À¢&7R#¢°¢'ƒcB ¢ÒÀ¢&FWb#¢G'VRÀ¢&Æ–6Vç6R#¢$Ô•B"À¢&÷F–öæÂ#¢G'VRÀ¢&÷2#¢°¢&g&VV'6B ¢ÒÀ¢&Væv–æW2#¢°¢&æöFR#¢%ã#ã’ãÇÂãÓ#"ã"ã ¢Ð¢ÒÀ¢&æöFUöÖöGVÆW2ô&öÆÆF÷vâö&–æF–ærÖÆ–çW‚Ö&ÒÖvçVV&–†b#¢°¢'fW'6–öâ#¢#ã"ã"À¢'&W6öÇfVB#¢&‡GG3¢ò÷&Vv—7G'’æçÖ§2æ÷&rô&öÆÆF÷vâö&–æF–ærÖÆ–çW‚Ö&ÒÖvçVV&–†bòÒö&–æF–ærÖÆ–çW‚Ö&ÒÖvçVV&–†bÓã"ãçFw¢"À¢&–çFVw&—G’#¢'6†S"Òövå$DÒ³3”%$÷¤âö³õ¦¤EäDÖ5§„"óUW„¶¤ôäóW•f´äWfÇ6ôÔG'„tä¶u¦’÷GDg&•3&wvÄDç¤#cWdæ$dõ„•ÓÒ"À¢&7R#¢°¢&&Ò ¢ÒÀ¢&FWb#¢G'VRÀ¢&Æ–6Vç6R#¢$Ô•B"À¢&÷F–öæÂ#¢G'VRÀ¢&÷2#¢°¢&Æ–çW‚ ¢ÒÀ¢&Væv–æW2#¢°¢&æöFR#¢%ã#ã’ãÇÂãÓ#"ã"ã ¢Ð¢ÒÀ¢&æöFUöÖöGVÆW2ô&öÆÆF÷vâö&–æF–ærÖÆ–çW‚Ö&ÓcBÖvçR#¢°¢'fW'6–öâ#¢#ã"ã"À¢'&W6öÇfVB#¢&‡GG3¢ò÷&Vv—7G'’æçÖ§2æ÷&rô&öÆÆF÷vâö&–æF–ærÖÆ–çW‚Ö&ÓcBÖvçRòÒö&–æF–ærÖÆ–çW‚Ö&ÓcBÖvçRÓã"ãçFw¢"À¢&–çFVw&—G’#¢'6†S"Õf³„‡wd†&¶$&4Då–†¤Ôµ—dfäV†”Tç‚öÃWG…DG£Stg3&ÃvvÇ•Wtw5'r÷…7$ä—’öt”³GF‡%47'sÓÒ"À¢&7R#¢°¢&&ÓcB ¢ÒÀ¢&FWb#¢G'VRÀ¢&Æ–6Vç6R#¢$Ô•B"À¢&÷F–öæÂ#¢G'VRÀ¢&÷2#¢°¢&Æ–çW‚ ¢ÒÀ¢&Væv–æW2#¢°¢&æöFR#¢%ã#ã’ãÇÂãÓ#"ã"ã ¢Ð¢ÒÀ¢&æöFUöÖöGVÆW2ô&öÆÆF÷vâö&–æF–ærÖÆ–çW‚Ö&ÓcBÖ×W6Â#¢°¢'fW'6–öâ#¢#ã"ã"À¢'&W6öÇfVB#¢&‡GG3¢ò÷&Vv—7G'’æçÖ§2æ÷&rô&öÆÆF÷vâö&–æF–ærÖÆ–çW‚Ö&ÓcBÖ×W6ÂòÒö&–æF–ærÖÆ–çW‚Ö&ÓcBÖ×W6ÂÓã"ãçFw¢"À¢&–çFVw&—G’#¢'6†S"Ô6·¤¥T”µ$Å†·'U#tÄ¶Wtv$÷r´U–eRó–Ä÷$$f£Dg$T†…´fäôEtçS%tÆç3æ´V#•”§VfÕe¥¤”Âö$¦ÆsÓÒ"À¢&7R#¢°¢&&ÓcB ¢ÒÀ¢&FWb#¢G'VRÀ¢&Æ–6Vç6R#¢$Ô•B"À¢&÷F–öæÂ#¢G'VRÀ¢&÷2#¢°¢&Æ–çW‚ ¢ÒÀ¢&Væv–æW2#¢°¢&æöFR#¢%ã#ã’ãÇÂãÓ#"ã"ã ¢Ð¢ÒÀ¢&æöFUöÖöGVÆW2ô&öÆÆF÷vâö&–æF–ærÖÆ–çW‚×3cBÖvçR#¢°¢'fW'6–öâ#¢#ã"ã"À¢'&W6öÇfVB#¢&‡GG3¢ò÷&Vv—7G'’æçÖ§2æ÷&rô&öÆÆF÷vâö&–æF–ærÖÆ–çW‚×3cBÖvçRòÒö&–æF–ærÖÆ–çW‚×3cBÖvçRÓã"ãçFw¢"À¢&–çFVw&—G’#¢'6†S"×ÅTt†Vƒ'–ƒ†dƒu&wƒ%$„ãƒV„¶äæCs‡ƒ„ÖTÖ…†—gVWfvC‡fvcbô77D÷¦Ôäµ’öÄÅD‡dåG%““†4ÆäVw¤§sÓÒ"À¢&7R#¢°¢'3cB ¢ÒÀ¢&FWb#¢G'VRÀ¢&Æ–6Vç6R#¢$Ô•B"À¢&÷F–öæÂ#¢G'VRÀ¢&÷2#¢°¢&Æ–çW‚ ¢ÒÀ¢&Væv–æW2#¢°¢&æöFR#¢%ã#ã’ãÇÂãÓ#"ã"ã ¢Ð¢ÒÀ¢&æöFUöÖöGVÆW2ô&öÆÆF÷vâö&–æF–ærÖÆ–çW‚×33“‚ÖvçR#¢°¢'fW'6–öâ#¢#ã"ã"À¢'&W6öÇfVB#¢&‡GG3¢ò÷&Vv—7G'’æçÖ§2æ÷&rô&öÆÆF÷vâö&–æF–ærÖÆ–çW‚×33“‚ÖvçRòÒö&–æF–ærÖÆ–çW‚×33“‚ÖvçRÓã"ãçFw¢"À¢&–çFVw&—G’#¢'6†S"×6V7VB³d6%6fã‡Wg•6´G6·b¶$u³5D…4E3•“ƒ—–3G&#F·§‡„F×–C”&µsE6æ„å„%¤6Âód7$òòö…¦„ä¥ÓÒ"À¢&7R#¢°¢'33“‚ ¢ÒÀ¢&FWb#¢G'VRÀ¢&Æ–6Vç6R#¢$Ô•B"À¢&÷F–öæÂ#¢G'VRÀ¢&÷2#¢°¢&Æ–çW‚ ¢ÒÀ¢&Væv–æW2#¢°¢&æöFR#¢%ã#ã’ãÇÂãÓ#"ã"ã ¢Ð¢ÒÀ¢&æöFUöÖöGVÆW2ô&öÆÆF÷vâö&–æF–ærÖÆ–çW‚×ƒcBÖvçR#¢°¢'fW'6–öâ#¢#ã"ã"À¢'&W6öÇfVB#¢&‡GG3¢ò÷&Vv—7G'’æçÖ§2æ÷&rô&öÆÆF÷vâö&–æF–ærÖÆ–çW‚×ƒcBÖvçRòÒö&–æF–ærÖÆ–çW‚×ƒcBÖvçRÓã"ãçFw¢"À¢&–çFVw&—G’#¢'6†S"ÖÔõd%C6EµvÓ…„%uÕSF&bµSfE”DÆTÖòó–ö¥VÖ—3DãÃWWS&Wd÷–æu£rõ6FôSDs”·e'CF&Æõ'„æ¤Æ3tÓÒ"À¢&7R#¢°¢'ƒcB ¢ÒÀ¢&FWb#¢G'VRÀ¢&Æ–6Vç6R#¢$Ô•B"À¢&÷F–öæÂ#¢G'VRÀ¢&÷2#¢°¢&Æ–çW‚ ¢ÒÀ¢&Væv–æW2#¢°¢&æöFR#¢%ã#ã’ãÇÂãÓ#"ã"ã ¢Ð¢ÒÀ¢&æöFUöÖöGVÆW2ô&öÆÆF÷vâö&–æF–ærÖÆ–çW‚×ƒcBÖ×W6Â#¢°¢'fW'6–öâ#¢#ã"ã"À¢'&W6öÇfVB#¢&‡GG3¢ò÷&Vv—7G'’æçÖ§2æ÷&rô&öÆÆF÷vâö&–æF–ærÖÆ–çW‚×ƒcBÖ×W6ÂòÒö&–æF–ærÖÆ–çW‚×ƒcBÖ×W6ÂÓã"ãçFw¢"À¢&–çFVw&—G’#¢'6†S"Ô—3s†“”…V“E77…Wtd£—TÖÖ¤FãS„–%eF¤eu–EW7DdVvWTVÔ„ÔÄtç&•†åd¤¶·ts%–•¦§s†5¤5G”DÖDDwDôösÓÒ"À¢&7R#¢°¢'ƒcB ¢ÒÀ¢&FWb#¢G'VRÀ¢&Æ–6Vç6R#¢$Ô•B"À¢&÷F–öæÂ#¢G'VRÀ¢&÷2#¢°¢&Æ–çW‚ ¢ÒÀ¢&Væv–æW2#¢°¢&æöFR#¢%ã#ã’ãÇÂãÓ#"ã"ã ¢Ð¢ÒÀ¢&æöFUöÖöGVÆW2ô&öÆÆF÷vâö&–æF–ærÖ÷Væ†&Ööç’Ö&ÓcB#¢°¢'fW'6–öâ#¢#ã"ã"À¢'&W6öÇfVB#¢&‡GG3¢ò÷&Vv—7G'’æçÖ§2æ÷&rô&öÆÆF÷vâö&–æF–ærÖ÷Væ†&Ööç’Ö&ÓcBòÒö&–æF–ærÖ÷Væ†&Ööç’Ö&ÓcBÓã"ãçFw¢"À¢&–çFVw&—G’#¢'6†S"ÖET5†æU£ƒt”åT×•B´3‡$T$åUå„†ÕSTuF§”µD¤V—W77s”¶£TÆã…W§ESFWböfgftä$VF·6E–†Õsg„¤ÓÒ"À¢&7R#¢°¢&&ÓcB ¢ÒÀ¢&FWb#¢G'VRÀ¢&Æ–6Vç6R#¢$Ô•B"À¢&÷F–öæÂ#¢G'VRÀ¢&÷2#¢°¢&÷Væ†&Ööç’ ¢ÒÀ¢&Væv–æW2#¢°¢&æöFR#¢%ã#ã’ãÇÂãÓ#"ã"ã ¢Ð¢ÒÀ¢&æöFUöÖöGVÆW2ô&öÆÆF÷vâö&–æF–ær×v–ã3"Ö&ÓcBÖ×7f2#¢°¢'fW'6–öâ#¢#ã"ã"À¢'&W6öÇfVB#¢&‡GG3¢ò÷&Vv—7G'’æçÖ§2æ÷&rô&öÆÆF÷vâö&–æF–ær×v–ã3"Ö&ÓcBÖ×7f2òÒö&–æF–ær×v–ã3"Ö&ÓcBÖ×7f2Óã"ãçFw¢"À¢&–çFVw&—G’#¢'6†S"Ö¤'—†#gfB¶$ƒ…VCædfæ#v“—5t%“'Död£Ã7FG#4õGR´·gFÓ†6Bô¥cVägCcSv#gvÇG†s–öÄôVföe…wsÓÒ"À¢&7R#¢°¢&&ÓcB ¢ÒÀ¢&FWb#¢G'VRÀ¢&Æ–6Vç6R#¢$Ô•B"À¢&÷F–öæÂ#¢G'VRÀ¢&÷2#¢°¢'v–ã3" ¢ÒÀ¢&Væv–æW2#¢°¢&æöFR#¢%ã#ã’ãÇÂãÓ#"ã"ã ¢Ð¢ÒÀ¢&æöFUöÖöGVÆW2ô&öÆÆF÷vâö&–æF–ær×v–ã3"×ƒcBÖ×7f2#¢°¢'fW'6–öâ#¢#ã"ã"À¢'&W6öÇfVB#¢&‡GG3¢ò÷&Vv—7G'’æçÖ§2æ÷&rô&öÆÆF÷vâö&–æF–ær×v–ã3"×ƒcBÖ×7f2òÒö&–æF–ær×v–ã3"×ƒcBÖ×7f2Óã"ãçFw¢"À¢&–çFVw&—G’#¢'6†S"Òõ¤·¤£6“–÷“$—Eg—ff¤ö¤$4ææf§3‡—eVDt$¶Ö”U6vç$¥5&vCƒ¤f&&ä×Su”ó•¦ä§$D6#•e4¥$ÓÒ"À¢&7R#¢°¢'ƒcB ¢ÒÀ¢&FWb#¢G'VRÀ¢&Æ–6Vç6R#¢$Ô•B"À¢&÷F–öæÂ#¢G'VRÀ¢&÷2#¢°¢'v–ã3" ¢ÒÀ¢&Væv–æW2#¢°¢&æöFR#¢%ã#ã’ãÇÂãÓ#"ã"ã ¢Ð¢ÒÀ¢&æöFUöÖöGVÆW2ô&öÆÆF÷vâ÷ÇVv–çWF–Ç2#¢°¢'fW'6–öâ#¢#ãã"À¢'&W6öÇfVB#¢&‡GG3¢ò÷&Vv—7G'’æçÖ§2æ÷&rô&öÆÆF÷vâ÷ÇVv–çWF–Ç2òÒ÷ÇVv–çWF–Ç2ÓããçFw¢"À¢&–çFVw&—G’#¢'6†S"Ó&£–$wCT¦ƒ††¢·eFw¥FÃs&£•'„„—VÖöóeDæd§4Ä#EWG7e%4F4$×‡£vâ³”5”#3w…g…•&s&¦–×wsÓÒ"À¢&FWb#¢G'VRÀ¢&Æ–6Vç6R#¢$Ô•B ¢ÒÀ¢&æöFUöÖöGVÆW2ôG—W2÷G'W7FVB×G—W2#¢°¢'fW'6–öâ#¢#"ããr"À¢'&W6öÇfVB#¢&‡GG3¢ò÷&Vv—7G'’æçÖ§2æ÷&rôG—W2÷G'W7FVB×G—W2òÒ÷G'W7FVB×G—W2Ó"ããrçFw¢"À¢&–çFVw&—G’#¢'6†S"Õ66FãE7¦v&ÃeFUDöÕd„eTÇC3“E„¦tõæ÷•f…£g#'dÆäÔÄ¦d%CS54#S%Bó4s3ed“ös$Õ¦ƒ7tGU‡6gsÓÒ"À¢&Æ–6Vç6R#¢$Ô•B"À¢&÷F–öæÂ#¢G'VP¢ÒÀ¢&æöFUöÖöGVÆW2ôf—FV§2÷ÇVv–â×&V7B#¢°¢'fW'6–öâ#¢#bãã"À¢'&W6öÇfVB#¢&‡GG3¢ò÷&Vv—7G'’æçÖ§2æ÷&rôf—FV§2÷ÇVv–â×&V7BòÒ÷ÇVv–â×&V7BÓbããçFw¢"À¢&–çFVw&—G’#¢'6†S"×—„Æc–v¶…3†W¤§4Ób¶æESvÔE“fwssTå³–§tT“„•”öÕ6vµ't„µe6eu…ssdG7ÖóF²³d³R´ÓU&tgsÓÒ"À¢&FWb#¢G'VRÀ¢&Æ–6Vç6R#¢$Ô•B"À¢&FWVæFVæ6–W2#¢°¢$&öÆÆF÷vâ÷ÇVv–çWF–Ç2#¢%ããã ¢ÒÀ¢&Væv–æW2#¢°¢&æöFR#¢%ã#ã’ãÇÂãÓ#"ã"ã ¢ÒÀ¢'VW$FWVæFVæ6–W2#¢°¢$&öÆÆF÷vâ÷ÇVv–âÖ&&VÂ#¢%ãããrÇÂãã"ã"À¢&&&VÂ×ÇVv–â×&V7BÖ6ö×–ÆW"#¢%ããã"À¢&÷†2×G&ç6f÷&Ò×&V7B#¢%ããCRã"À¢'f—FR#¢%ã‚ãã ¢ÒÀ¢'VW$FWVæFVæ6–W4ÖWF#¢°¢$&öÆÆF÷vâ÷ÇVv–âÖ&&VÂ#¢°¢&÷F–öæÂ#¢G'VP¢ÒÀ¢&&&VÂ×ÇVv–â×&V7BÖ6ö×–ÆW"#¢°¢&÷F–öæÂ#¢G'VP¢ÒÀ¢&÷†2×G&ç6f÷&Ò×&V7B#¢°¢&÷F–öæÂ#¢G'VP¢Ð¢Ð¢ÒÀ¢&æöFUöÖöGVÆW2ö&÷'BÖ6öçG&öÆÆW"#¢°¢'fW'6–öâ#¢#2ãã"À¢'&W6öÇfVB#¢&‡GG3¢ò÷&Vv—7G'’æçÖ§2æ÷&rö&÷'BÖ6öçG&öÆÆW"òÒö&÷'BÖ6öçG&öÆÆW"Ó2ããçFw¢"À¢&–çFVw&—G’#¢'6†S"Öƒ†Å‡F5¥–å#7dåFv–&¢·DôD„“Rò¶ÃdS%7&—bôvÖWCV£EGutƒC4ó—vä„F•4V£—G'¦EvFT‡GvVsÓÒ"À¢&FWb#¢G'VRÀ¢&Æ–6Vç6R#¢$Ô•B"À¢&FWVæFVæ6–W2#¢°¢&WfVçB×F&vWB×6†–Ò#¢%ãRãã ¢ÒÀ¢&Væv–æW2#¢°¢&æöFR#¢#ãÓbãR ¢Ð¢ÒÀ¢&æöFUöÖöGVÆW2ö&6ScBÖ§2#¢°¢'fW'6–öâ#¢#ãRã"À¢'&W6öÇfVB#¢&‡GG3¢ò÷&Vv—7G'’æçÖ§2æ÷&rö&6ScBÖ§2òÒö&6ScBÖ§2ÓãRãçFw¢"À¢&–çFVw&—G’#¢'6†S"Ô·–Ä†ã‡CE5f$ô„7’¶#R´´¶we#Gg'4C‡f'g&&•§3vd´EF¶¦´G'“f¦“%T¦¤3·¦$æUÇw§‡†——óCUtÓÒ"À¢&FWb#¢G'VRÀ¢&gVæF–ær#¢°¢°¢'G—R#¢&v—F‡V""À¢'W&Â#¢&‡GG3¢òöv—F‡V"æ6öÒ÷7öç6÷'2öfW&÷72 ¢ÒÀ¢°¢'G—R#¢'G&Vöâ"À¢'W&Â#¢&‡GG3¢ò÷wwrçG&Vöâæ6öÒöfW&÷72 ¢ÒÀ¢°¢'G—R#¢&6öç7VÇF–ær"À¢'W&Â#¢&‡GG3¢òöfW&÷72æ÷&r÷7W÷'B ¢Ð¢ÒÀ¢&Æ–6Vç6R#¢$Ô•B ¢ÒÀ¢&æöFUöÖöGVÆW2ö'VffW"#¢°¢'fW'6–öâ#¢#bãã2"À¢'&W6öÇfVB#¢&‡GG3¢ò÷&Vv—7G'’æçÖ§2æ÷&rö'VffW"òÒö'VffW"Óbãã2çFw¢"À¢&–çFVw&—G’#¢'6†S"ÔeF”7ç‡Gv•¥¤„U¦&6%D–5¦¤U%d”6ã——÷DfµFÃ“Rô‡¤Cæ&7Dãu”óc‡&”ÒötÅ4E“w6G$Ö'“††ödE—WWôÓÒ"À¢&FWb#¢G'VRÀ¢&gVæF–ær#¢°¢°¢'G—R#¢&v—F‡V""À¢'W&Â#¢&‡GG3¢òöv—F‡V"æ6öÒ÷7öç6÷'2öfW&÷72 ¢ÒÀ¢°¢'G—R#¢'G&Vöâ"À¢'W&Â#¢&‡GG3¢ò÷wwrçG&Vöâæ6öÒöfW&÷72 ¢ÒÀ¢°¢'G—R#¢&6öç7VÇF–ær"À¢'W&Â#¢&‡GG3¢òöfW&÷72æ÷&r÷7W÷'B ¢Ð¢ÒÀ¢&Æ–6Vç6R#¢$Ô•B"À¢&FWVæFVæ6–W2#¢°¢&&6ScBÖ§2#¢%ãã2ã"À¢&–VVSsSB#¢%ãã"ã ¢Ð¢ÒÀ¢&æöFUöÖöGVÆW2öFWFV7BÖÆ–&2#¢°¢'fW'6–öâ#¢#"ãã""À¢'&W6öÇfVB#¢&‡GG3¢ò÷&Vv—7G'’æçÖ§2æ÷&röFWFV7BÖÆ–&2òÒöFWFV7BÖÆ–&2Ó"ãã"çFw¢"À¢&–çFVw&—G’#¢'6†S"Ô'F£$$ôôóƒ6ó5w”ƒS–S„Öu‡7„Uf6&µT÷U—'V$#W'väã•3cG'6”'•Så¦Çu•¦ÓV’ööcv–óF×¦–„'EÓÒ"À¢&FWb#¢G'VRÀ¢&Æ–6Vç6R#¢$6†RÓ"ã"À¢&Væv–æW2#¢°¢&æöFR#¢#ãÓ‚ ¢Ð¢ÒÀ¢&æöFUöÖöGVÆW2öFö×W&–g’#¢°¢'fW'6–öâ#¢#2ãBãb"À¢'&W6öÇfVB#¢&‡GG3¢ò÷&Vv—7G'’æçÖ§2æ÷&röFö×W&–g’òÒöFö×W&–g’Ó2ãBãbçFw¢"À¢&–çFVw&—G’#¢'6†S"×7ò·ç7&„4—&u&““…Fv³#t&ó%'“wsD3ä&TåFE¤6…v§£•†"ô´öõ¦%%õ#g£ƒs…–…‡s6…ut&$Õ&åÓÒ"À¢&Æ–6Vç6R#¢"„ÕÂÓ"ãõ"6†RÓ"ã’"À¢&÷F–öæÄFWVæFVæ6–W2#¢°¢$G—W2÷G'W7FVB×G—W2#¢%ã"ããr ¢Ð¢ÒÀ¢&æöFUöÖöGVÆW2öWfVçB×F&vWB×6†–Ò#¢°¢'fW'6–öâ#¢#Rãã"À¢'&W6öÇfVB#¢&‡GG3¢ò÷&Vv—7G'’æçÖ§2æ÷&röWfVçB×F&vWB×6†–ÒòÒöWfVçB×F&vWB×6†–ÒÓRããçFw¢"À¢&–çFVw&—G’#¢'6†S"Ö’ó%†&å7¢÷W…$5Sb´æEd¦tµtEDÓC#r´×–&µ¤C3#GT5¥W÷T¤´””Ó"µs'‡E”†D´öÕ£FE#fdW‡6CE5„ÂµuÓÒ"À¢&FWb#¢G'VRÀ¢&Æ–6Vç6R#¢$Ô•B"À¢&Væv–æW2#¢°¢&æöFR#¢#ãÓb ¢Ð¢ÒÀ¢&æöFUöÖöGVÆW2öWfVçG2#¢°¢'fW'6–öâ#¢#2ã2ã"À¢'&W6öÇfVB#¢&‡GG3¢ò÷&Vv—7G'’æçÖ§2æ÷&röWfVçG2òÒöWfVçG2Ó2ã2ãçFw¢"À¢&–çFVw&—G’#¢'6†S"ÖÕr³&fµ$Ç¥ucÕ“—Få„äöUGEG#Äã—£tt5†wVv$F–“#—$”'$fBô‡ƒÓ$ö7£e36fµV6#ÓÒ"À¢&FWb#¢G'VRÀ¢&Æ–6Vç6R#¢$Ô•B"À¢&Væv–æW2#¢°¢&æöFR#¢#ãÓã‚ç‚ ¢Ð¢ÒÀ¢&æöFUöÖöGVÆW2öfF—"#¢°¢'fW'6–öâ#¢#bãRã"À¢'&W6öÇfVB#¢&‡GG3¢ò÷&Vv—7G'’æçÖ§2æ÷&röfF—"òÒöfF—"ÓbãRãçFw¢"À¢&–çFVw&—G’#¢'6†S"×D–%—E¦'V4÷3%$w¦·6„¥U–DÂµ4DƒvEdÓ†v§’´U'5tV¤ÄTd¤R³&¶ç”‡Gv¥töçw$µ”&—tÔÓF´Ä¤å†sÓÒ"À¢&FWb#¢G'VRÀ¢&Æ–6Vç6R#¢$Ô•B"À¢&Væv–æW2#¢°¢&æöFR#¢#ãÓ"ãã ¢ÒÀ¢'VW$FWVæFVæ6–W2#¢°¢'–6öÖF6‚#¢%ã2ÇÂãB ¢ÒÀ¢'VW$FWVæFVæ6–W4ÖWF#¢°¢'–6öÖF6‚#¢°¢&÷F–öæÂ#¢G'VP¢Ð¢Ð¢ÒÀ¢&æöFUöÖöGVÆW2ög6WfVçG2#¢°¢'fW'6–öâ#¢#"ã2ã2"À¢'&W6öÇfVB#¢&‡GG3¢ò÷&Vv—7G'’æçÖ§2æ÷&rög6WfVçG2òÒög6WfVçG2Ó"ã2ã2çFw¢"À¢&–çFVw&—G’#¢'6†S"ÓW†ôFe‚¶dÃvfFævÕu$gGv‚õ#suvÔÔ×„u3cT37gd#”‡&tb´#–Õ£3CCDÖ£Vãc6³#%„æô§w¦Æ†fesÓÒ"À¢&FWb#¢G'VRÀ¢&†4–ç7FÆÅ67&—B#¢G'VRÀ¢&Æ–6Vç6R#¢$Ô•B"À¢&÷F–öæÂ#¢G'VRÀ¢&÷2#¢°¢&F'v–â ¢ÒÀ¢&Væv–æW2#¢°¢&æöFR#¢%ã‚ãbãÇÂããbãÇÂãÓãã ¢Ð¢ÒÀ¢&æöFUöÖöGVÆW2ö–VVSsSB#¢°¢'fW'6–öâ#¢#ã"ã"À¢'&W6öÇfVB#¢&‡GG3¢ò÷&Vv—7G'’æçÖ§2æ÷&rö–VVSsSBòÒö–VVSsSBÓã"ãçFw¢"À¢&–çFVw&—G’#¢'6†S"ÖF7—„Geƒ3CfÅ…¦5g7²´gDÕ%fD”ÔãbôFcV§3'¦÷UW7st“g4g†—D”2³tµ”³#”¶E„ôÄ†GS—¤ÃG4fæõeçÓÒ"À¢&FWb#¢G'VRÀ¢&gVæF–ær#¢°¢°¢'G—R#¢&v—F‡V""À¢'W&Â#¢&‡GG3¢òöv—F‡V"æ6öÒ÷7öç6÷'2öfW&÷72 ¢ÒÀ¢°¢'G—R#¢'G&Vöâ"À¢'W&Â#¢&‡GG3¢ò÷wwrçG&Vöâæ6öÒöfW&÷72 ¢ÒÀ¢°¢'G—R#¢&6öç7VÇF–ær"À¢'W&Â#¢&‡GG3¢òöfW&÷72æ÷&r÷7W÷'B ¢Ð¢ÒÀ¢&Æ–6Vç6R#¢$%4BÓ2Ô6ÆW6R ¢ÒÀ¢&æöFUöÖöGVÆW2öÆ–v‡Fæ–æv772#¢°¢'fW'6–öâ#¢#ã32ã"À¢'&W6öÇfVB#¢&‡GG3¢ò÷&Vv—7G'’æçÖ§2æ÷&röÆ–v‡Fæ–æv772òÒöÆ–v‡Fæ–æv772Óã32ãçFw¢"À¢&–çFVw&—G’#¢'6†S"ÕvµTG&ö§T§3†¶tvc'VEw†7”t%'…G…V´#s–“f5¤Å&v3uÓ†e¦S•F÷6eF7dW¦'Td6ä…–Õ$Ä$ÅV&ÔÄô””ÓÒ"À¢&FWb#¢G'VRÀ¢&Æ–6Vç6R#¢$ÕÂÓ"ã"À¢&FWVæFVæ6–W2#¢°¢&FWFV7BÖÆ–&2#¢%ã"ãã2 ¢ÒÀ¢&Væv–æW2#¢°¢&æöFR#¢#ãÒ"ãã ¢ÒÀ¢&gVæF–ær#¢°¢'G—R#¢&÷Væ6öÆÆV7F—fR"À¢'W&Â#¢&‡GG3¢òö÷Væ6öÆÆV7F—fRæ6öÒ÷&6VÂ ¢ÒÀ¢&÷F–öæÄFWVæFVæ6–W2#¢°¢&Æ–v‡Fæ–æv772ÖæG&ö–BÖ&ÓcB#¢#ã32ã"À¢&Æ–v‡Fæ–æv772ÖF'v–âÖ&ÓcB#¢#ã32ã"À¢&Æ–v‡Fæ–æv772ÖF'v–â×ƒcB#¢#ã32ã"À¢&Æ–v‡Fæ–æv772Ög&VV'6B×ƒcB#¢#ã32ã"À¢&Æ–v‡Fæ–æv772ÖÆ–çW‚Ö&ÒÖvçVV&–†b#¢#ã32ã"À¢&Æ–v‡Fæ–æv772ÖÆ–çW‚Ö&ÓcBÖvçR#¢#ã32ã"À¢&Æ–v‡Fæ–æv772ÖÆ–çW‚Ö&ÓcBÖ×W6Â#¢#ã32ã"À¢&Æ–v‡Fæ–æv772ÖÆ–çW‚×ƒcBÖvçR#¢#ã32ã"À¢&Æ–v‡Fæ–æv772ÖÆ–çW‚×ƒcBÖ×W6Â#¢#ã32ã"À¢&Æ–v‡Fæ–æv772×v–ã3"Ö&ÓcBÖ×7f2#¢#ã32ã"À¢&Æ–v‡Fæ–æv772×v–ã3"×ƒcBÖ×7f2#¢#ã32ã ¢Ð¢ÒÀ¢&æöFUöÖöGVÆW2öÆ–v‡Fæ–æv772ÖæG&ö–BÖ&ÓcB#¢°¢'fW'6–öâ#¢#ã32ã"À¢'&W6öÇfVB#¢&‡GG3¢ò÷&Vv—7G'’æçÖ§2æ÷&röÆ–v‡Fæ–æv772ÖæG&ö–BÖ&ÓcBòÒöÆ–v‡Fæ–æv772ÖæG&ö–BÖ&ÓcBÓã32ãçFw¢"À¢&–çFVw&—G’#¢'6†S"ÖtW%FÄ¶F÷7D&#‡wF3&”ötSU6T”†Ç3W–$g't•–†ÃVEDö%–”†S“‡¤TÓ•5e6÷£•C¤çs4ÖÃW}öÖÚ$z{-®éÜj×
    "node_modules/lightningcss-darwin-x64": {
      "version": "1.33.0",
      "resolved": "https://registry.npmjs.org/lightningcss-darwin-x64/-/lightningcss-darwin-x64-1.33.0.tgz",
      "integrity": "sha512-Z5UPAxzrjlWNNyGy6i65cJzzvgJ5D3T6wMvs+gWpY9d7qRhANrxqAp6LhxIgZhWEw18RfJTGcRxjuLIBr+m8XQ==",
      "cpu": [
        "x64"
      ],
      "dev": true,
      "license": "MPL-2.0",
      "optional": true,
      "os": [
        "darwin"
      ],
      "engines": {
        "node": ">= 12.0.0"
      },
      "funding": {
        "type": "opencollective",
        "url": "https://opencollective.com/parcel"
      }
    },
    "node_modules/lightningcss-freebsd-x64": {
      "version": "1.33.0",
      "resolved": "https://registry.npmjs.org/lightningcss-freebsd-x64/-/lightningcss-freebsd-x64-1.33.0.tgz",
      "integrity": "sha512-QQM/Ti/hQajJwCY+RiWuCZ9sdtI/XQk7nDK5vC8kkdwixezOlDgvDx7+RT+QjK6FcFT4MpsuoBnHIo/O3StRRg==",
      "cpu": [
        "x64"
      ],
      "dev": true,
      "license": "MPL-2.0",
      "optional": true,
      "os": [
        "freebsd"
      ],
      "engines": {
        "node": ">= 12.0.0"
      },
      "funding": {
        "type": "opencollective",
        "url": "https://opencollective.com/parcel"
      }
    },
    "node_modules/lightningcss-linux-arm-gnueabihf": {
      "version": "1.33.0",
      "resolved": "https://registry.npmjs.org/lightningcss-linux-arm-gnueabihf/-/lightningcss-linux-arm-gnueabihf-1.33.0.tgz",
      "integrity": "sha512-N7FVBe6iS24MlM6R/4RBTxGhQheZGs7tiQ9U32UtF75NzP5Q7xWPRqLBCKxlRQRk3rY1jCIPLzx7WzOhuUIRLQ==",
      "cpu": [
        "arm"
      ],
      "dev": true,
      "license": "MPL-2.0",
      "optional": true,
      "os": [
        "linux"
      ],
      "engines": {
        "node": ">= 12.0.0"
      },
      "funding": {
        "type": "opencollective",
        "url": "https://opencollective.com/parcel"
      }
    },
    "node_modules/lightningcss-linux-arm64-gnu": {
      "version": "1.33.0",
      "resolved": "https://registry.npmjs.org/lightningcss-linux-arm64-gnu/-/lightningcss-linux-arm64-gnu-1.33.0.tgz",
      "integrity": "sha512-j2v/itmy4HlNxlc6voKXYgBqNi0Ng2LShg4z7GufpEgs05P+2suBVyi9I6YHq5uoVFx9ETin3eCEhLVyXGQnKg==",
      "cpu": [
        "arm64"
      ],
      "dev": true,
      "license": "MPL-2.0",
      "optional": true,
      "os": [
        "linux"
      ],
      "engines": {
        "node": ">= 12.0.0"
      },
      "funding": {
        "type": "opencollective",
        "url": "https://opencollective.com/parcel"
      }
    },
    "node_modules/lightningcss-linux-arm64-musl": {
      "version": "1.33.0",
      "resolved": "https://registry.npmjs.org/lightningcss-linux-arm64-musl/-/lightningcss-linux-arm64-musl-1.33.0.tgz",
      "integrity": "sha512-yiO5ROMuYQgXbC60yjZU5CYSFZGKXL0HFATXt9mHJn1+zW55oCtMI9NfcVhYLMFDL7gV7oBPon/EmMMGg2OvtQ==",
      "cpu": [
        "arm64"
      ],
      "dev": true,
      "license": "MPL-2.0",
      "optional": true,
      "os": [
        "linux"
      ],
      "engines": {
        "node": ">= 12.0.0"
      },
      "funding": {
        "type": "opencollective",
        "url": "https://opencollective.com/parcel"
      }
    },
    "node_modules/lightningcss-linux-x64-gnu": {
      "version": "1.33.0",
      "resolved": "https://registry.npmjs.org/lightningcss-linux-x64-gnu/-/lightningcss-linux-x64-gnu-1.33.0.tgz",
      "integrity": "sha512-ar+Ju7LmcN0Jo4FpL4hpFybwNG9/3A/Br5KW2n2jyODg3MEZXaDYADdemoNS+BDNfMgKvylJLj4S5tyRActuAg==",
      "cpu": [
        "x64"
      ],
      "dev": true,
      "license": "MPL-2.0",
      "optional": true,
      "os": [
        "linux"
      ],
      "engines": {
        "node": ">= 12.0.0"
      },
      "funding": {
        "type": "opencollective",
        "url": "https://opencollective.com/parcel"
      }
    },
    "node_modules/lightningcss-linux-x64-musl": {
      "version": "1.33.0",
      "resolved": "https://registry.npmjs.org/lightningcss-linux-x64-musl/-/lightningcss-linux-x64-musl-1.33.0.tgz",
      "integrity": "sha512-RYiYbkokw0trfKqqzfF55lginwEPrD3OJDfTuJzFs1MK6iFnDenaz1fqLLtX4ITG3OktJQXOeTaw1awrBAlZPw==",
      "cpu": [
        "x64"
      ],
      "dev": true,
      "license": "MPL-2.0",
      "optional": true,
      "os": [
        "linux"
      ],
      "engines": {
        "node": ">= 12.0.0"
      },
      "funding": {
        "type": "opencollective",
        "url": "https://opencollective.com/parcel"
      }
    },
    "node_modules/lightningcss-win32-arm64-msvc": {
      "version": "1.33.0",
      "resolved": "https://registry.npmjs.org/lightningcss-win32-arm64-msvc/-/lightningcss-win32-arm64-msvc-1.33.0.tgz",
      "integrity": "sha512-1K+MPfLSFVpphzpdbfkhlWk6wBrTObBzS2T6db10PNOZgR9GoVsAWzwNyuhUYYbTp23j+4RrncfujZ4uAzXvwA==",
      "cpu": [
        "arm64"
      ],
      "dev": true,
      "license": "MPL-2.0",
      "optional": true,
      "os": [
        "win32"
      ],
      "engines": {
        "node": ">= 12.0.0"
      },
      "funding": {
        "type": "opencollective",
        "url": "https://opencollective.com/parcel"
      }
    },
    "node_modules/lightningcss-win32-x64-msvc": {
      "version": "1.33.0",
      "resolved": "https://registry.npmjs.org/lightningcss-win32-x64-msvc/-/lightningcss-win32-x64-msvc-1.33.0.tgz",
      "integrity": "sha512-OlEICDx/Xl0FqSp4bry8zFnCvGpig3Gl4gCquvYwHuqJKEC1+n9NgDniFvqHGmMv1ZkqDJrDqKKSykTDX+ehuA==",
      "cpu": [
        "x64"
      ],
      "dev": true,
      "license": "MPL-2.0",
      "optional": true,
      "os": [
        "win32"
      ],
      "engines": {
        "node": ">= 12.0.0"
      },
      "funding": {
        "type": "opencollective",
        "url": "https://opencollective.com/parcel"
      }
    },
    "node_modules/lucide-react": {
      "version": "0.577.0",
      "resolved": "https://registry.npmjs.org/lucide-react/-/lucide-react-0.577.0.tgz",
      "integrity": "sha512-4LjoFv2eEPwYDPg/CUdBJQSDfPyzXCRrVW1X7jrx/trgxnxkHFjnVZINbzvzxjN70dxychOfg+FTYwBiS3pQ5A==",
      "license": "ISC",
      "peerDependencies": {
        "react": "^16.5.1 || ^17.0.0 || ^18.0.0 || ^19.0.0"
      }
    },
    "node_modules/marked": {
      "version": "18.0.14",
      "resolved": "https://registry.npmjs.org/marked/-/marked-18.0.14.tgz",
      "integrity": "sha512-mBHK6FBHuBAlhgRe88w9F0O1AbwwXJUcQibUbC/QcdTbVGAD7aWza+xt3N6oT/jCZx3/OMeS+8rnuiHZcQ9s7A==",
      "license": "MIT",
      "bin": {
        "marked": "bin/marked.js"
      },
      "engines": {
        "node": ">= 20"
      }
    },
    "node_modules/n3": {
      "version": "2.7.12",
      "resolved": "https://registry.npmjs.org/n3/-/n3-2.7.12.tgz",
      "integrity": "sha512-Hy6dfGg9yniLQpSBirvH2E2yO3EG7dSmA3aefRbtO411oqtzG8roD3h1kTc/N065bivCOPfTFIjf0KlwW7KlnQ==",
      "dev": true,
      "license": "MIT",
      "dependencies": {
        "buffer": "^6.0.3",
        "readable-stream": "^4.0.0"
      },
      "engines": {
        "node": ">=12.0"
      }
    },
    "node_modules/nanoid": {
      "version": "3.3.19",
      "resolved": "https://registry.npmjs.org/nanoid/-/nanoid-3.3.19.tgz",
      "integrity": "sha512-Y2tUNy4ouw6tq5oDSKeQYGOyhkUBhNOcGV/02KC+6kd9eDGqdZd++mjMiIDilrBYvjEnCYvVtsuHCuP+okSfug==",
      "dev": true,
      "funding": [
        {
          "type": "github",
          "url": "https://github.com/sponsors/ai"
        }
      ],
      "license": "MIT",
      "bin": {
        "nanoid": "bin/nanoid.cjs"
      },
      "engines": {
        "node": "^10 || ^12 || ^13.7 || ^14 || >=15.0.1"
      }
    },
    "node_modules/picocolors": {
      "version": "1.1.1",
      "resolved": "https://registry.npmjs.org/picocolors/-/picocolors-1.1.1.tgz",
      "integrity": "sha512-xceH2snhtb5M9liqDsmEw56le376mTZkEX/jEb/RxNFyegNul7eNslCXP9FDj/Lcu0X8KEyMceP2ntpaHrDEVA==",
      "dev": true,
      "license": "ISC"
    },
    "node_modules/picomatch": {
      "version": "4.0.7",
      "resolved": "https://registry.npmjs.org/picomatch/-/picomatch-4.0.7.tgz",
      "integrity": "sha512-qcJu88Q2IWqJsDD529JKMdwGm/dvInW4HvQnRwiH9JtihJvzGOscDtHE3x1pBKeUOTysQ8kVmLnJ2kJu7yhcGA==",
      "dev": true,
      "license": "MIT",
      "engines": {
        "node": ">=12"
      },
      "funding": {
        "url": "https://github.com/sponsors/jonschlinkert"
      }
    },
    "node_modules/playwright": {
      "version": "1.63.0",
      "resolved": "https://registry.npmjs.org/playwright/-/playwright-1.63.0.tgz",
      "integrity": "sha512-+7ziBLidS4NaNCdt57SUDT+wYmmd5fmiQejUic/kb+YsYSCPyOOE9sebzMjNmQrsnNpDJqd4WHvV/8lfKfUDUg==",
      "dev": true,
      "license": "Apache-2.0",
      "dependencies": {
        "playwright-core": "1.63.0"
      },
      "bin": {
        "playwright": "cli.js"
      },
      "engines": {
        "node": ">=20"
      }
    },
    "node_modules/playwright-core": {
      "version": "1.63.0",
      "resolved": "https://registry.npmjs.org/playwright-core/-/playwright-core-1.63.0.tgz",
      "integrity": "sha512-rYCsBF/M5HjUch52bbtVONEFjv6Xu8sm8h72dNlR5bzIE1fvC/bxgspzkjSfU+MweEMmPM8KJebG6nnyxo5mCg==",
      "dev": true,
      "license": "Apache-2.0",
      "bin": {
        "playwright-core": "cli.js"
      },
      "engines": {
        "node": ">=20"
      }
    },
    "node_modules/postcss": {
      "version": "8.5.28",
      "resolved": "https://registry.npmjs.org/postcss/-/postcss-8.5.28.tgz",
      "integrity": "sha512-RRuzqDtt5Y9h3quz5hWhK+TPnsmVs6WwSU6LkJMeY4HstUEDuYTG8UJSdawMRzmzAtV+KEoG8N3Qg2qLy5vM/A==",
      "dev": true,
      "funding": [
        {
          "type": "opencollective",
          "url": "https://opencollective.com/postcss/"
        },
        {
          "type": "tidelift",
          "url": "https://tidelift.com/funding/github/npm/postcss"
        },
        {
          "type": "github",
          "url": "https://github.com/sponsors/ai"
        }
      ],
      "license": "MIT",
      "dependencies": {
        "nanoid": "^3.3.18",
        "picocolors": "^1.1.1",
        "source-map-js": "^1.2.1"
      },
      "engines": {
        "node": "^10 || ^12 || >=14"
      }
    },
    "node_modules/process": {
      "version": "0.11.10",
      "resolved": "https://registry.npmjs.org/process/-/process-0.11.10.tgz",
      "integrity": "sha512-cdGef/drWFoydD1JsMzuFf8100nZl+GT+yacc2bEced5f9Rjk4z+WtFUTBu9PhOi9j/jfmBPu0mMEY4wIdAF8A==",
      "dev": true,
      "license": "MIT",
      "engines": {
        "node": ">= 0.6.0"
      }
    },
    "node_modules/react": {
      "version": "19.3.0",
      "resolved": "https://registry.npmjs.org/react/-/react-19.3.0.tgz",
      "integrity": "sha512-E8LUcbtBWt20bbl2YoHfx4ZDBdxVTfOKtCZn9cDSJ4l6/nuoApcpIBcj47t2wZoVX8g2ZHuMHbiShgCR1T5Sog==",
      "license": "MIT",
      "engines": {
        "node": ">=0.10.0"
      }
    },
    "node_modules/react-dom": {
      "version": "19.3.0",
      "resolved": "https://registry.npmjs.org/react-dom/-/react-dom-19.3.0.tgz",
      "integrity": "sha512-JDk8dgif51OjFoDE70+OT9ICyYr+69HlmihNwp1+Nsfbna3t5sIiCa9ZJktDmQ4/1b/rn26hIAR2uYXDMr5r0Q==",
      "license": "MIT",
      "dependencies": {
        "scheduler": "^0.28.0"
      },
      "peerDependencies": {
        "react": "^19.3.0"
      }
    },
    "node_modules/readable-stream": {
      "version": "4.7.0",
      "resolved": "https://registry.npmjs.org/readable-stream/-/readable-stream-4.7.0.tgz",
      "integrity": "sha512-oIGGmcpTLwPga8Bn6/Z75SVaH1z5dUut2ibSyAMVhmUggWpmDn2dapB0n7f8nwaSiRtepAsfJyfXIO5DCVAODg==",
      "dev": true,
      "license": "MIT",
      "dependencies": {
        "abort-controller": "^3.0.0",
        "buffer": "^6.0.3",
        "events": "^3.3.0",
        "process": "^0.11.10",
        "string_decoder": "^1.3.0"
      },
      "engines": {
        "node": "^12.22.0 || ^14.17.0 || >=16.0.0"
      }
    },
    "node_modules/rolldown": {
      "version": "1.2.11",
      "resolved": "https://registry.npmjs.org/rolldown/-/rolldown-1.2.11.tgz",
      "integrity": "sha512-qpSwIyz0jHQq5qXBTNxFmE6664rJ7O+4TvPFOiOaBSrz8IOHc1koKKSqTM2H6u1UG1+TveuC6vaDHKXFOvb1Kw==",
      "dev": true,
      "license": "MIT",
      "dependencies": {
        "@oxc-project/types": "=0.151.0",
        "@rolldown/pluginutils": "^1.0.0"
      },
      "bin": {
        "rolldown": "bin/cli.mjs"
      },
      "engines": {
        "node": "^20.19.0 || >=22.12.0"
      },
      "optionalDependencies": {
        "@rolldown/binding-android-arm-eabi": "1.2.11",
        "@rolldown/binding-android-arm64": "1.2.11",
        "@rolldown/binding-darwin-arm64": "1.2.11",
        "@rolldown/binding-darwin-x64": "1.2.11",
        "@rolldown/binding-freebsd-x64": "1.2.11",
        "@rolldown/binding-linux-arm-gnueabihf": "1.2.11",
        "@rolldown/binding-linux-arm64-gnu": "1.2.11",
        "@rolldown/binding-linux-arm64-musl": "1.2.11",
        "@rolldown/binding-linux-ppc64-gnu": "1.2.11",
        "@rolldown/binding-linux-s390x-gnu": "1.2.11",
        "@rolldown/binding-linux-x64-gnu": "1.2.11",
        "@rolldown/binding-linux-x64-musl": "1.2.11",
        "@rolldown/binding-openharmony-arm64": "1.2.11",
        "@rolldown/binding-win32-arm64-msvc": "1.2.11",
        "@rolldown/binding-win32-x64-msvc": "1.2.11"
      }
    },
    "node_modules/safe-buffer": {
      "version": "5.2.1",
      "resolved": "https://registry.npmjs.org/safe-buffer/-/safe-buffer-5.2.1.tgz",
      "integrity": "sha512-rp3So07KcdmmKbGvgaNxQSJr7bGVSVk5S9Eq1F+ppbRo70+YeaDxkw5Dd8NPN+GD6bjnYm2VuPuCXmpuYvmCXQ==",
      "dev": true,
      "funding": [
        {
          "type": "github",
          "url": "https://github.com/sponsors/feross"
        },
        {
          "type": "patreon",
          "url": "https://www.patreon.com/feross"
        },
        {
          "type": "consulting",
          "url": "https://feross.org/support"
        }
      ],
      "license": "MIT"
    },
    "node_modules/scheduler": {
      "version": "0.28.0",
      "resolved": "https://registry.npmjs.org/scheduler/-/scheduler-0.28.0.tgz",
      "integrity": "sha512-juorfCmIkIw8tT+p5BXSm6PJjQF/ycEYmKyzURCIt/RaZIhL+PulbQ9Yu2z1HdOJDdqDTlxA1+xKBmHXJsczAw==",
      "license": "MIT"
    },
    "node_modules/source-map-js": {
      "version": "1.2.1",
      "resolved": "https://registry.npmjs.org/source-map-js/-/source-map-js-1.2.1.tgz",
      "integrity": "sha512-UXWMKhLOwVKb728IUtQPXxfYU+usdybtUrK/8uGE8CQMvrhOpwvzDBwj0QhSL7MQc7vIsISBG8VQ8+IDQxpfQA==",
      "dev": true,
      "license": "BSD-3-Clause",
      "engines": {
        "node": ">=0.10.0"
      }
    },
    "node_modules/string_decoder": {
      "version": "1.3.0",
      "resolved": "https://registry.npmjs.org/string_decoder/-/string_decoder-1.3.0.tgz",
      "integrity": "sha512-hkRX8U1WjJFd8LsDJ2yQ/wWWxaopEsABU1XfkM8A+j0+85JAGppt16cr1Whg6KIbb4okU6Mql6BOj+uup/wKeA==",
      "dev": true,
      "license": "MIT",
      "dependencies": {
        "safe-buffer": "~5.2.0"
      }
    },
    "node_modules/three": {
      "version": "0.186.1",
      "resolved": "https://registry.npmjs.org/three/-/three-0.186.1.tgz",
      "integrity": "sha512-blFeqb49wRCSGUGj7gtpfnSGHy2lwDk94RhUmS1c/hTby70kvChbWpkJ4Pm1390LqzzvTmzgXKHPEafJwCb8jA==",
      "license": "MIT"
    },
    "node_modules/tinyglobby": {
      "version": "0.2.17",
      "resolved": "https://registry.npmjs.org/tinyglobby/-/tinyglobby-0.2.17.tgz",
      "integrity": "sha512-wXR/dYpcqKmfWpEdZjiKJOwCNFndD0DMnrW/cYjVGttEkBfVgcLFHoNrlj47mjOVic9yyNu65alsgF4NQyTa2g==",
      "dev": true,
      "license": "MIT",
      "dependencies": {
        "fdir": "^6.5.0",
        "picomatch": "^4.0.4"
      },
      "engines": {
        "node": ">=12.0.0"
      },
      "funding": {
        "url": "https://github.com/sponsors/SuperchupuDev"
      }
    },
    "node_modules/vite": {
      "version": "8.3.1",
      "resolved": "https://registry.npmjs.org/vite/-/vite-8.3.1.tgz",
      "integrity": "sha512-/bvH9E9tmCXRGp2uXY3WbOldqpTwFkbha/8ANaEQ6VkxhH60KyqLwgZq6lG2y+4uT55x9+9eUHMpQ7uGnOCKjA==",
      "dev": true,
      "license": "MIT",
      "dependencies": {
        "lightningcss": "^1.33.0",
        "picomatch": "^4.0.7",
        "postcss": "^8.5.28",
        "rolldown": "~1.2.9",
        "tinyglobby": "^0.2.17"
      },
      "bin": {
        "vite": "bin/vite.js"
      },
      "engines": {
        "node": "^20.19.0 || >=22.12.0"
      },
      "funding": {
        "url": "https://github.com/vitejs/vite?sponsor=1"
      },
      "optionalDependencies": {
        "fsevents": "~2.3.3"
      },
      "peerDependencies": {
        "@types/node": "^20.19.0 || >=22.12.0",
        "@vitejs/devtools": "^0.7.1",
        "esbuild": "^0.27.0 || ^0.28.0",
        "jiti": ">=1.21.0",
        "less": "^4.0.0",
        "sass": "^1.70.0",
        "sass-embedded": "^1.70.0",
        "stylus": ">=0.54.8",
        "sugarss": "^5.0.0",
        "terser": "^5.16.0",
        "tsx": "^4.8.1",
        "yaml": "^2.4.2"
      },
      "peerDependenciesMeta": {
        "@types/node": {
          "optional": true
        },
        "@vitejs/devtools": {
          "optional": true
        },
        "esbuild": {
          "optional": true
        },
        "jiti": {
          "optional": true
        },
        "less": {
          "optional": true
        },
        "sass": {
          "optional": true
        },
        "sass-embedded": {
          "optional": true
        },
        "stylus": {
          "optional": true
        },
        "sugarss": {
          "optional": true
        },
        "terser": {
          "optional": true
        },
        "tsx": {
          "optional": true
        },
        "yaml": {
          "optional": true
        }
      }
    },
    "node_modules/xstate": {
      "version": "5.33.2",
      "resolved": "https://registry.npmjs.org/xstate/-/xstate-5.33.2.tgz",
      "integrity": "sha512-8tC7yXgeCvpT8gKEeEje6ikJJG1wpnoLiXe+HfECW8m10ubMd3QxKOwWA8KxPJVBcLwfdRoMKYxIBGYKmo37/A==",
      "license": "MIT",
      "funding": {
        "type": "opencollective",
        "url": "https://opencollective.com/xstate"
      }
    }
  }
}
